
Microsoft Visual Studio Solution File, Format Version 12.00
# Visual Studio Version 17
VisualStudioVersion = 17.9.34714.143
MinimumVisualStudioVersion = 10.0.40219.1
Project("{FAE04EC0-301F-11D3-BF4B-00C04F79EFBC}") = "HousingAlgorithm", "HousingAlgorithm\HousingAlgorithm.csproj", "{689071B4-423C-42CE-95FE-5E654F5B0E0A}"
EndProject
Global
	GlobalSection(SolutionConfigurationPlatforms) = preSolution
		Debug|Any CPU = Debug|Any CPU
		Release|Any CPU = Release|Any CPU
	EndGlobalSection
	GlobalSection(ProjectConfigurationPlatforms) = postSolution
		{689071B4-423C-42CE-95FE-5E654F5B0E0A}.Debug|Any CPU.ActiveCfg = Debug|Any CPU
		{689071B4-423C-42CE-95FE-5E654F5B0E0A}.Debug|Any CPU.Build.0 = Debug|Any CPU
		{689071B4-423C-42CE-95FE-5E654F5B0E0A}.Release|Any CPU.ActiveCfg = Release|Any CPU
		{689071B4-423C-42CE-95FE-5E654F5B0E0A}.Release|Any CPU.Build.0 = Release|Any CPU
	EndGlobalSection
	GlobalSection(SolutionProperties) = preSolution
		HideSolutionNode = FALSE
	EndGlobalSection
	GlobalSection(ExtensibilityGlobals) = postSolution
		SolutionGuid = {0B81CC26-B220-4251-A19D-3C2903EB98A9}
	EndGlobalSection
EndGlobal
